{
  "name": "hypothesis-evidence-forest",
  "version": "1.0.0",
  "lockfileVersion": 3,
  "requires": true,
  "packages": {
    "": {
      "name": "hypothesis-evidence-forest",
      "version": "1.0.0",
      "license": "SEE LICENSE IN README.md",
      "engines": {
        "node": ">=18"
      }
    }
  }
}
